// !$*UTF8*$!
{
	archiveVersion = 1;
	classes = {
	};
	objectVersion = 46;
	objects = {

/* Begin PBXBuildFile section */
		05FF4519C0D7210EF57479B5 /* Pods_YSHKit_Example.framework in Frameworks */ = {isa = PBXBuildFile; fileRef = 744CEED03C4329B7F9CCF8B0 /* Pods_YSHKit_Example.framework */; };
		6003F58E195388D20070C39A /* Foundation.framework in Frameworks */ = {isa = PBXBuildFile; fileRef = 6003F58D195388D20070C39A /* Foundation.framework */; };
		6003F590195388D20070C39A /* CoreGraphics.framework in Frameworks */ = {isa = PBXBuildFile; fileRef = 6003F58F195388D20070C39A /* CoreGraphics.framework */; };
		6003F592195388D20070C39A /* UIKit.framework in Frameworks */ = {isa = PBXBuildFile; fileRef = 6003F591195388D20070C39A /* UIKit.framework */; };
		6003F598195388D20070C39A /* InfoPlist.strings in Resources */ = {isa = PBXBuildFile; fileRef = 6003F596195388D20070C39A /* InfoPlist.strings */; };
		6003F59A195388D20070C39A /* main.m in Sources */ = {isa = PBXBuildFile; fileRef = 6003F599195388D20070C39A /* main.m */; };
		6003F59E195388D20070C39A /* YSHAppDelegate.m in Sources */ = {isa = PBXBuildFile; fileRef = 6003F59D195388D20070C39A /* YSHAppDelegate.m */; };
		6003F5A7195388D20070C39A /* YSHViewController.m in Sources */ = {isa = PBXBuildFile; fileRef = 6003F5A6195388D20070C39A /* YSHViewController.m */; };
		6003F5A9195388D20070C39A /* Images.xcassets in Resources */ = {isa = PBXBuildFile; fileRef = 6003F5A8195388D20070C39A /* Images.xcassets */; };
		6003F5B0195388D20070C39A /* XCTest.framework in Frameworks */ = {isa = PBXBuildFile; fileRef = 6003F5AF195388D20070C39A /* XCTest.framework */; };
		6003F5B1195388D20070C39A /* Foundation.framework in Frameworks */ = {isa = PBXBuildFile; fileRef = 6003F58D195388D20070C39A /* Foundation.framework */; };
		6003F5B2195388D20070C39A /* UIKit.framework in Frameworks */ = {isa = PBXBuildFile; fileRef = 6003F591195388D20070C39A /* UIKit.framework */; };
		6003F5BA195388D20070C39A /* InfoPlist.strings in Resources */ = {isa = PBXBuildFile; fileRef = 6003F5B8195388D20070C39A /* InfoPlist.strings */; };
		6003F5BC195388D20070C39A /* Tests.m in Sources */ = {isa = PBXBuildFile; fileRef = 6003F5BB195388D20070C39A /* Tests.m */; };
		700B29A521C7497C00A9947F /* YSHTextFieldVC.m in Sources */ = {isa = PBXBuildFile; fileRef = 700B29A421C7497C00A9947F /* YSHTextFieldVC.m */; };
		700B29AE21C773BF00A9947F /* YDTextField.m in Sources */ = {isa = PBXBuildFile; fileRef = 700B29AD21C773BF00A9947F /* YDTextField.m */; };
		704BC2FD2249ED9400B38C89 /* UIView+YSHTool.m in Sources */ = {isa = PBXBuildFile; fileRef = 704BC2FC2249ED9400B38C89 /* UIView+YSHTool.m */; };
		7059616122448EB300756529 /* code_vietnam.plist in Resources */ = {isa = PBXBuildFile; fileRef = 7059616022448EB300756529 /* code_vietnam.plist */; };
		7059616322448EBA00756529 /* code_china.plist in Resources */ = {isa = PBXBuildFile; fileRef = 7059616222448EB900756529 /* code_china.plist */; };
		7059616522448EC000756529 /* code_en.plist in Resources */ = {isa = PBXBuildFile; fileRef = 7059616422448EC000756529 /* code_en.plist */; };
		70796B4321C891C00086190B /* DYPhotoContainerView.m in Sources */ = {isa = PBXBuildFile; fileRef = 70796B4221C891C00086190B /* DYPhotoContainerView.m */; };
		70796B4B21C8DF8B0086190B /* YSHTableViewCell.m in Sources */ = {isa = PBXBuildFile; fileRef = 70796B4921C8DF8B0086190B /* YSHTableViewCell.m */; };
		707C5AEA21C22AA7008C0DE9 /* YSHHUDVC.m in Sources */ = {isa = PBXBuildFile; fileRef = 707C5AE921C22AA7008C0DE9 /* YSHHUDVC.m */; };
		709031232201779F003E5801 /* YSHHudCustomView.m in Sources */ = {isa = PBXBuildFile; fileRef = 709031222201779F003E5801 /* YSHHudCustomView.m */; };
		70903125220177AA003E5801 /* YSHHudCustomView.xib in Resources */ = {isa = PBXBuildFile; fileRef = 70903124220177AA003E5801 /* YSHHudCustomView.xib */; };
		709031282201787F003E5801 /* NSString+YSHAnimation.m in Sources */ = {isa = PBXBuildFile; fileRef = 709031272201787F003E5801 /* NSString+YSHAnimation.m */; };
		7090312B220178A3003E5801 /* UIBezierPath+YSHTextPath.m in Sources */ = {isa = PBXBuildFile; fileRef = 7090312A220178A3003E5801 /* UIBezierPath+YSHTextPath.m */; };
		70986C4321D1D768006F4513 /* YSHCodeCountryViewController.m in Sources */ = {isa = PBXBuildFile; fileRef = 70986C4221D1D768006F4513 /* YSHCodeCountryViewController.m */; };
		709ABF8921C79F330078B4D7 /* SDPhotoBrowserVC.m in Sources */ = {isa = PBXBuildFile; fileRef = 709ABF8821C79F330078B4D7 /* SDPhotoBrowserVC.m */; };
		71719F9F1E33DC2100824A3D /* LaunchScreen.storyboard in Resources */ = {isa = PBXBuildFile; fileRef = 71719F9D1E33DC2100824A3D /* LaunchScreen.storyboard */; };
		85B6F2F6FF21D48D577C9145 /* Pods_YSHKit_Tests.framework in Frameworks */ = {isa = PBXBuildFile; fileRef = 170EC606345104B6C704FB7A /* Pods_YSHKit_Tests.framework */; };
		873B8AEB1B1F5CCA007FD442 /* Main.storyboard in Resources */ = {isa = PBXBuildFile; fileRef = 873B8AEA1B1F5CCA007FD442 /* Main.storyboard */; };
/* End PBXBuildFile section */

/* Begin PBXContainerItemProxy section */
		6003F5B3195388D20070C39A /* PBXContainerItemProxy */ = {
			isa = PBXContainerItemProxy;
			containerPortal = 6003F582195388D10070C39A /* Project object */;
			proxyType = 1;
			remoteGlobalIDString = 6003F589195388D20070C39A;
			remoteInfo = YSHKit;
		};
/* End PBXContainerItemProxy section */

/* Begin PBXFileReference section */
		0C180EBA51874D85796C0C2F /* LICENSE */ = {isa = PBXFileReference; includeInIndex = 1; lastKnownFileType = text; name = LICENSE; path = ../LICENSE; sourceTree = "<group>"; };
		170EC606345104B6C704FB7A /* Pods_YSHKit_Tests.framework */ = {isa = PBXFileReference; explicitFileType = wrapper.framework; includeInIndex = 0; path = Pods_YSHKit_Tests.framework; sourceTree = BUILT_PRODUCTS_DIR; };
		59C3E2FC77DB34CAF4A95791 /* Pods-YSHKit_Tests.debug.xcconfig */ = {isa = PBXFileReference; includeInIndex = 1; lastKnownFileType = text.xcconfig; name = "Pods-YSHKit_Tests.debug.xcconfig"; path = "Pods/Target Support Files/Pods-YSHKit_Tests/Pods-YSHKit_Tests.debug.xcconfig"; sourceTree = "<group>"; };
		5EF3E5A3CEB03D8DF726EF08 /* Pods-YSHKit_Tests.release.xcconfig */ = {isa = PBXFileReference; includeInIndex = 1; lastKnownFileType = text.xcconfig; name = "Pods-YSHKit_Tests.release.xcconfig"; path = "Pods/Target Support Files/Pods-YSHKit_Tests/Pods-YSHKit_Tests.release.xcconfig"; sourceTree = "<group>"; };
		6003F58A195388D20070C39A /* YSHKit_Example.app */ = {isa = PBXFileReference; explicitFileType = wrapper.application; includeInIndex = 0; path = YSHKit_Example.app; sourceTree = BUILT_PRODUCTS_DIR; };
		6003F58D195388D20070C39A /* Foundation.framework */ = {isa = PBXFileReference; lastKnownFileType = wrapper.framework; name = Foundation.framework; path = System/Library/Frameworks/Foundation.framework; sourceTree = SDKROOT; };
		6003F58F195388D20070C39A /* CoreGraphics.framework */ = {isa = PBXFileReference; lastKnownFileType = wrapper.framework; name = CoreGraphics.framework; path = System/Library/Frameworks/CoreGraphics.framework; sourceTree = SDKROOT; };
		6003F591195388D20070C39A /* UIKit.framework */ = {isa = PBXFileReference; lastKnownFileType = wrapper.framework; name = UIKit.framework; path = System/Library/Frameworks/UIKit.framework; sourceTree = SDKROOT; };
		6003F595195388D20070C39A /* YSHKit-Info.plist */ = {isa = PBXFileReference; lastKnownFileType = text.plist.xml; path = "YSHKit-Info.plist"; sourceTree = "<group>"; };
		6003F597195388D20070C39A /* en */ = {isa = PBXFileReference; lastKnownFileType = text.plist.strings; name = en; path = en.lproj/InfoPlist.strings; sourceTree = "<group>"; };
		6003F599195388D20070C39A /* main.m */ = {isa = PBXFileReference; lastKnownFileType = sourcecode.c.objc; path = main.m; sourceTree = "<group>"; };
		6003F59B195388D20070C39A /* YSHKit-Prefix.pch */ = {isa = PBXFileReference; lastKnownFileType = sourcecode.c.h; path = "YSHKit-Prefix.pch"; sourceTree = "<group>"; };
		6003F59C195388D20070C39A /* YSHAppDelegate.h */ = {isa = PBXFileReference; lastKnownFileType = sourcecode.c.h; path = YSHAppDelegate.h; sourceTree = "<group>"; };
		6003F59D195388D20070C39A /* YSHAppDelegate.m */ = {isa = PBXFileReference; lastKnownFileType = sourcecode.c.objc; path = YSHAppDelegate.m; sourceTree = "<group>"; };
		6003F5A5195388D20070C39A /* YSHViewController.h */ = {isa = PBXFileReference; lastKnownFileType = sourcecode.c.h; path = YSHViewController.h; sourceTree = "<group>"; };
		6003F5A6195388D20070C39A /* YSHViewController.m */ = {isa = PBXFileReference; lastKnownFileType = sourcecode.c.objc; path = YSHViewController.m; sourceTree = "<group>"; };
		6003F5A8195388D20070C39A /* Images.xcassets */ = {isa = PBXFileReference; lastKnownFileType = folder.assetcatalog; path = Images.xcassets; sourceTree = "<group>"; };
		6003F5AE195388D20070C39A /* YSHKit_Tests.xctest */ = {isa = PBXFileReference; explicitFileType = wrapper.cfbundle; includeInIndex = 0; path = YSHKit_Tests.xctest; sourceTree = BUILT_PRODUCTS_DIR; };
		6003F5AF195388D20070C39A /* XCTest.framework */ = {isa = PBXFileReference; lastKnownFileType = wrapper.framework; name = XCTest.framework; path = Library/Frameworks/XCTest.framework; sourceTree = DEVELOPER_DIR; };
		6003F5B7195388D20070C39A /* Tests-Info.plist */ = {isa = PBXFileReference; lastKnownFileType = text.plist.xml; path = "Tests-Info.plist"; sourceTree = "<group>"; };
		6003F5B9195388D20070C39A /* en */ = {isa = PBXFileReference; lastKnownFileType = text.plist.strings; name = en; path = en.lproj/InfoPlist.strings; sourceTree = "<group>"; };
		6003F5BB195388D20070C39A /* Tests.m */ = {isa = PBXFileReference; lastKnownFileType = sourcecode.c.objc; path = Tests.m; sourceTree = "<group>"; };
		606FC2411953D9B200FFA9A0 /* Tests-Prefix.pch */ = {isa = PBXFileReference; lastKnownFileType = sourcecode.c.h; path = "Tests-Prefix.pch"; sourceTree = "<group>"; };
		700B29A321C7497C00A9947F /* YSHTextFieldVC.h */ = {isa = PBXFileReference; lastKnownFileType = sourcecode.c.h; path = YSHTextFieldVC.h; sourceTree = "<group>"; };
		700B29A421C7497C00A9947F /* YSHTextFieldVC.m */ = {isa = PBXFileReference; lastKnownFileType = sourcecode.c.objc; path = YSHTextFieldVC.m; sourceTree = "<group>"; };
		700B29AC21C773BB00A9947F /* YDTextField.h */ = {isa = PBXFileReference; fileEncoding = 4; lastKnownFileType = sourcecode.c.h; path = YDTextField.h; sourceTree = "<group>"; };
		700B29AD21C773BF00A9947F /* YDTextField.m */ = {isa = PBXFileReference; fileEncoding = 4; lastKnownFileType = sourcecode.c.objc; path = YDTextField.m; sourceTree = "<group>"; };
		704BC2FB2249ED9400B38C89 /* UIView+YSHTool.h */ = {isa = PBXFileReference; lastKnownFileType = sourcecode.c.h; path = "UIView+YSHTool.h"; sourceTree = "<group>"; };
		704BC2FC2249ED9400B38C89 /* UIView+YSHTool.m */ = {isa = PBXFileReference; lastKnownFileType = sourcecode.c.objc; path = "UIView+YSHTool.m"; sourceTree = "<group>"; };
		7059616022448EB300756529 /* code_vietnam.plist */ = {isa = PBXFileReference; fileEncoding = 4; lastKnownFileType = text.plist.xml; path = code_vietnam.plist; sourceTree = "<group>"; };
		7059616222448EB900756529 /* code_china.plist */ = {isa = PBXFileReference; fileEncoding = 4; lastKnownFileType = text.plist.xml; path = code_china.plist; sourceTree = "<group>"; };
		7059616422448EC000756529 /* code_en.plist */ = {isa = PBXFileReference; fileEncoding = 4; lastKnownFileType = text.plist.xml; path = code_en.plist; sourceTree = "<group>"; };
		70796B4121C891C00086190B /* DYPhotoContainerView.h */ = {isa = PBXFileReference; fileEncoding = 4; lastKnownFileType = sourcecode.c.h; path = DYPhotoContainerView.h; sourceTree = "<group>"; };
		70796B4221C891C00086190B /* DYPhotoContainerView.m */ = {isa = PBXFileReference; fileEncoding = 4; lastKnownFileType = sourcecode.c.objc; path = DYPhotoContainerView.m; sourceTree = "<group>"; };
		70796B4821C8DF8B0086190B /* YSHTableViewCell.h */ = {isa = PBXFileReference; lastKnownFileType = sourcecode.c.h; path = YSHTableViewCell.h; sourceTree = "<group>"; };
		70796B4921C8DF8B0086190B /* YSHTableViewCell.m */ = {isa = PBXFileReference; lastKnownFileType = sourcecode.c.objc; path = YSHTableViewCell.m; sourceTree = "<group>"; };
		707C5AE821C22AA7008C0DE9 /* YSHHUDVC.h */ = {isa = PBXFileReference; lastKnownFileType = sourcecode.c.h; path = YSHHUDVC.h; sourceTree = "<group>"; };
		707C5AE921C22AA7008C0DE9 /* YSHHUDVC.m */ = {isa = PBXFileReference; lastKnownFileType = sourcecode.c.objc; path = YSHHUDVC.m; sourceTree = "<group>"; };
		709031212201779F003E5801 /* YSHHudCustomView.h */ = {isa = PBXFileReference; lastKnownFileType = sourcecode.c.h; path = YSHHudCustomView.h; sourceTree = "<group>"; };
		709031222201779F003E5801 /* YSHHudCustomView.m */ = {isa = PBXFileReference; lastKnownFileType = sourcecode.c.objc; path = YSHHudCustomView.m; sourceTree = "<group>"; };
		70903124220177AA003E5801 /* YSHHudCustomView.xib */ = {isa = PBXFileReference; lastKnownFileType = file.xib; path = YSHHudCustomView.xib; sourceTree = "<group>"; };
		709031262201787F003E5801 /* NSString+YSHAnimation.h */ = {isa = PBXFileReference; lastKnownFileType = sourcecode.c.h; path = "NSString+YSHAnimation.h"; sourceTree = "<group>"; };
		709031272201787F003E5801 /* NSString+YSHAnimation.m */ = {isa = PBXFileReference; lastKnownFileType = sourcecode.c.objc; path = "NSString+YSHAnimation.m"; sourceTree = "<group>"; };
		70903129220178A3003E5801 /* UIBezierPath+YSHTextPath.h */ = {isa = PBXFileReference; lastKnownFileType = sourcecode.c.h; path = "UIBezierPath+YSHTextPath.h"; sourceTree = "<group>"; };
		7090312A220178A3003E5801 /* UIBezierPath+YSHTextPath.m */ = {isa = PBXFileReference; lastKnownFileType = sourcecode.c.objc; path = "UIBezierPath+YSHTextPath.m"; sourceTree = "<group>"; };
		70986C4121D1D768006F4513 /* YSHCodeCountryViewController.h */ = {isa = PBXFileReference; lastKnownFileType = sourcecode.c.h; path = YSHCodeCountryViewController.h; sourceTree = "<group>"; };
		70986C4221D1D768006F4513 /* YSHCodeCountryViewController.m */ = {isa = PBXFileReference; lastKnownFileType = sourcecode.c.objc; path = YSHCodeCountryViewController.m; sourceTree = "<group>"; };
		709ABF8721C79F330078B4D7 /* SDPhotoBrowserVC.h */ = {isa = PBXFileReference; lastKnownFileType = sourcecode.c.h; path = SDPhotoBrowserVC.h; sourceTree = "<group>"; };
		709ABF8821C79F330078B4D7 /* SDPhotoBrowserVC.m */ = {isa = PBXFileReference; lastKnownFileType = sourcecode.c.objc; path = SDPhotoBrowserVC.m; sourceTree = "<group>"; };
		71719F9E1E33DC2100824A3D /* Base */ = {isa = PBXFileReference; lastKnownFileType = file.storyboard; name = Base; path = Base.lproj/LaunchScreen.storyboard; sourceTree = "<group>"; };
		744CEED03C4329B7F9CCF8B0 /* Pods_YSHKit_Example.framework */ = {isa = PBXFileReference; explicitFileType = wrapper.framework; includeInIndex = 0; path = Pods_YSHKit_Example.framework; sourceTree = BUILT_PRODUCTS_DIR; };
		790F4452C25834774E85E47B /* Pods-YSHKit_Example.release.xcconfig */ = {isa = PBXFileReference; includeInIndex = 1; lastKnownFileType = text.xcconfig; name = "Pods-YSHKit_Example.release.xcconfig"; path = "Pods/Target Support Files/Pods-YSHKit_Example/Pods-YSHKit_Example.release.xcconfig"; sourceTree = "<group>"; };
		7DF487D70ABD88E0CD4BD553 /* README.md */ = {isa = PBXFileReference; includeInIndex = 1; lastKnownFileType = net.daringfireball.markdown; name = README.md; path = ../README.md; sourceTree = "<group>"; };
		873B8AEA1B1F5CCA007FD442 /* Main.storyboard */ = {isa = PBXFileReference; fileEncoding = 4; lastKnownFileType = file.storyboard; name = Main.storyboard; path = Base.lproj/Main.storyboard; sourceTree = "<group>"; };
		95A5693CC51579F4D0D607EB /* YSHKit.podspec */ = {isa = PBXFileReference; includeInIndex = 1; lastKnownFileType = text; name = YSHKit.podspec; path = ../YSHKit.podspec; sourceTree = "<group>"; xcLanguageSpecificationIdentifier = xcode.lang.ruby; };
		C73106ECE286716606CB9E1E /* Pods-YSHKit_Example.debug.xcconfig */ = {isa = PBXFileReference; includeInIndex = 1; lastKnownFileType = text.xcconfig; name = "Pods-YSHKit_Example.debug.xcconfig"; path = "Pods/Target Support Files/Pods-YSHKit_Example/Pods-YSHKit_Example.debug.xcconfig"; sourceTree = "<group>"; };
/* End PBXFileReference section */

/* Begin PBXFrameworksBuildPhase section */
		6003F587195388D20070C39A /* Frameworks */ = {
			isa = PBXFrameworksBuildPhase;
			buildActionMask = 2147483647;
			files = (
				6003F590195388D20070C39A /* CoreGraphics.framework in Frameworks */,
				6003F592195388D20070C39A /* UIKit.framework in Frameworks */,
				6003F58E195388D20070C39A /* Foundation.framework in Frameworks */,
				05FF4519C0D7210EF57479B5 /* Pods_YSHKit_Example.framework in Frameworks */,
			);
			runOnlyForDeploymentPostprocessing = 0;
		};
		6003F5AB195388D20070C39A /* Frameworks */ = {
			isa = PBXFrameworksBuildPhase;
			buildActionMask = 2147483647;
			files = (
				6003F5B0195388D20070C39A /* XCTest.framework in Frameworks */,
				6003F5B2195388D20070C39A /* UIKit.framework in Frameworks */,
				6003F5B1195388D20070C39A /* Foundation.framework in Frameworks */,
				85B6F2F6FF21D48D577C9145 /* Pods_YSHKit_Tests.framework in Frameworks */,
			);
			runOnlyForDeploymentPostprocessing = 0;
		};
/* End PBXFrameworksBuildPhase section */

/* Begin PBXGroup section */
		268EC69831CC7569636B145E /* Pods */ = {
			isa = PBXGroup;
			children = (
				C73106ECE286716606CB9E1E /* Pods-YSHKit_Example.debug.xcconfig */,
				790F4452C25834774E85E47B /* Pods-YSHKit_Example.release.xcconfig */,
				59C3E2FC77DB34CAF4A95791 /* Pods-YSHKit_Tests.debug.xcconfig */,
				5EF3E5A3CEB03D8DF726EF08 /* Pods-YSHKit_Tests.release.xcconfig */,
			);
			name = Pods;
			sourceTree = "<group>";
		};
		6003F581195388D10070C39A = {
			isa = PBXGroup;
			children = (
				60FF7A9C1954A5C5007DD14C /* Podspec Metadata */,
				6003F593195388D20070C39A /* Example for YSHKit */,
				6003F5B5195388D20070C39A /* Tests */,
				6003F58C195388D20070C39A /* Frameworks */,
				6003F58B195388D20070C39A /* Products */,
				268EC69831CC7569636B145E /* Pods */,
			);
			sourceTree = "<group>";
		};
		6003F58B195388D20070C39A /* Products */ = {
			isa = PBXGroup;
			children = (
				6003F58A195388D20070C39A /* YSHKit_Example.app */,
				6003F5AE195388D20070C39A /* YSHKit_Tests.xctest */,
			);
			name = Products;
			sourceTree = "<group>";
		};
		6003F58C195388D20070C39A /* Frameworks */ = {
			isa = PBXGroup;
			children = (
				6003F58D195388D20070C39A /* Foundation.framework */,
				6003F58F195388D20070C39A /* CoreGraphics.framework */,
				6003F591195388D20070C39A /* UIKit.framework */,
				6003F5AF195388D20070C39A /* XCTest.framework */,
				744CEED03C4329B7F9CCF8B0 /* Pods_YSHKit_Example.framework */,
				170EC606345104B6C704FB7A /* Pods_YSHKit_Tests.framework */,
			);
			name = Frameworks;
			sourceTree = "<group>";
		};
		6003F593195388D20070C39A /* Example for YSHKit */ = {
			isa = PBXGroup;
			children = (
				7059616022448EB300756529 /* code_vietnam.plist */,
				7059616222448EB900756529 /* code_china.plist */,
				7059616422448EC000756529 /* code_en.plist */,
				70796B4021C891C00086190B /* DYPhotoContainerView */,
				700B29AC21C773BB00A9947F /* YDTextField.h */,
				700B29AD21C773BF00A9947F /* YDTextField.m */,
				707C5AE721C22A7E008C0DE9 /* templete */,
				6003F59C195388D20070C39A /* YSHAppDelegate.h */,
				6003F59D195388D20070C39A /* YSHAppDelegate.m */,
				873B8AEA1B1F5CCA007FD442 /* Main.storyboard */,
				6003F5A5195388D20070C39A /* YSHViewController.h */,
				6003F5A6195388D20070C39A /* YSHViewController.m */,
				71719F9D1E33DC2100824A3D /* LaunchScreen.storyboard */,
				6003F5A8195388D20070C39A /* Images.xcassets */,
				6003F594195388D20070C39A /* Supporting Files */,
			);
			name = "Example for YSHKit";
			path = YSHKit;
			sourceTree = "<group>";
		};
		6003F594195388D20070C39A /* Supporting Files */ = {
			isa = PBXGroup;
			children = (
				6003F595195388D20070C39A /* YSHKit-Info.plist */,
				6003F596195388D20070C39A /* InfoPlist.strings */,
				6003F599195388D20070C39A /* main.m */,
				6003F59B195388D20070C39A /* YSHKit-Prefix.pch */,
			);
			name = "Supporting Files";
			sourceTree = "<group>";
		};
		6003F5B5195388D20070C39A /* Tests */ = {
			isa = PBXGroup;
			children = (
				6003F5BB195388D20070C39A /* Tests.m */,
				6003F5B6195388D20070C39A /* Supporting Files */,
			);
			path = Tests;
			sourceTree = "<group>";
		};
		6003F5B6195388D20070C39A /* Supporting Files */ = {
			isa = PBXGroup;
			children = (
				6003F5B7195388D20070C39A /* Tests-Info.plist */,
				6003F5B8195388D20070C39A /* InfoPlist.strings */,
				606FC2411953D9B200FFA9A0 /* Tests-Prefix.pch */,
			);
			name = "Supporting Files";
			sourceTree = "<group>";
		};
		60FF7A9C1954A5C5007DD14C /* Podspec Metadata */ = {
			isa = PBXGroup;
			children = (
				95A5693CC51579F4D0D607EB /* YSHKit.podspec */,
				7DF487D70ABD88E0CD4BD553 /* README.md */,
				0C180EBA51874D85796C0C2F /* LICENSE */,
			);
			name = "Podspec Metadata";
			sourceTree = "<group>";
		};
		70796B4021C891C00086190B /* DYPhotoContainerView */ = {
			isa = PBXGroup;
			children = (
				70796B4121C891C00086190B /* DYPhotoContainerView.h */,
				70796B4221C891C00086190B /* DYPhotoContainerView.m */,
				70796B4821C8DF8B0086190B /* YSHTableViewCell.h */,
				70796B4921C8DF8B0086190B /* YSHTableViewCell.m */,
			);
			path = DYPhotoContainerView;
			sourceTree = "<group>";
		};
		707C5AE721C22A7E008C0DE9 /* templete */ = {
			isa = PBXGroup;
			children = (
				70986C4421D1D818006F4513 /* view */,
				707C5AE821C22AA7008C0DE9 /* YSHHUDVC.h */,
				707C5AE921C22AA7008C0DE9 /* YSHHUDVC.m */,
				700B29A321C7497C00A9947F /* YSHTextFieldVC.h */,
				700B29A421C7497C00A9947F /* YSHTextFieldVC.m */,
				709ABF8721C79F330078B4D7 /* SDPhotoBrowserVC.h */,
				709ABF8821C79F330078B4D7 /* SDPhotoBrowserVC.m */,
				70986C4121D1D768006F4513 /* YSHCodeCountryViewController.h */,
				70986C4221D1D768006F4513 /* YSHCodeCountryViewController.m */,
			);
			name = templete;
			sourceTree = "<group>";
		};
		70986C4421D1D818006F4513 /* view */ = {
			isa = PBXGroup;
			children = (
				709031212201779F003E5801 /* YSHHudCustomView.h */,
				709031222201779F003E5801 /* YSHHudCustomView.m */,
				70903124220177AA003E5801 /* YSHHudCustomView.xib */,
				709031262201787F003E5801 /* NSString+YSHAnimation.h */,
				709031272201787F003E5801 /* NSString+YSHAnimation.m */,
				70903129220178A3003E5801 /* UIBezierPath+YSHTextPath.h */,
				7090312A220178A3003E5801 /* UIBezierPath+YSHTextPath.m */,
				704BC2FB2249ED9400B38C89 /* UIView+YSHTool.h */,
				704BC2FC2249ED9400B38C89 /* UIView+YSHTool.m */,
			);
			name = view;
			sourceTree = "<group>";
		};
/* End PBXGroup section */

/* Begin PBXNativeTarget section */
		6003F589195388D20070C39A /* YSHKit_Example */ = {
			isa = PBXNativeTarget;
			buildConfigurationList = 6003F5BF195388D20070C39A /* Build configuration list for PBXNativeTarget "YSHKit_Example" */;
			buildPhases = (
				A2CE2B311219EB66604D1C77 /* [CP] Check Pods Manifest.lock */,
				6003F586195388D20070C39A /* Sources */,
				6003F587195388D20070C39A /* Frameworks */,
				6003F588195388D20070C39A /* Resources */,
				CF0B9629A7573A101B9D4E02 /* [CP] Embed Pods Frameworks */,
			);
			buildRules = (
			);
			dependencies = (
			);
			name = YSHKit_Example;
			productName = YSHKit;
			productReference = 6003F58A195388D20070C39A /* YSHKit_Example.app */;
			productType = "com.apple.product-type.application";
		};
		6003F5AD195388D20070C39A /* YSHKit_Tests */ = {
			isa = PBXNativeTarget;
			buildConfigurationList = 6003F5C2195388D20070C39A /* Build configuration list for PBXNativeTarget "YSHKit_Tests" */;
			buildPhases = (
				40786D43EB69B3FD2E1E4C8C /* [CP] Check Pods Manifest.lock */,
				6003F5AA195388D20070C39A /* Sources */,
				6003F5AB195388D20070C39A /* Frameworks */,
				6003F5AC195388D20070C39A /* Resources */,
			);
			buildRules = (
			);
			dependencies = (
				6003F5B4195388D20070C39A /* PBXTargetDependency */,
			);
			name = YSHKit_Tests;
			productName = YSHKitTests;
			productReference = 6003F5AE195388D20070C39A /* YSHKit_Tests.xctest */;
			productType = "com.apple.product-type.bundle.unit-test";
		};
/* End PBXNativeTarget section */

/* Begin PBXProject section */
		6003F582195388D10070C39A /* Project object */ = {
			isa = PBXProject;
			attributes = {
				CLASSPREFIX = YSH;
				LastUpgradeCheck = 0720;
				ORGANIZATIONNAME = "793983383@qq.com";
				TargetAttributes = {
					6003F589195388D20070C39A = {
						DevelopmentTeam = UBJKHW2MMQ;
						ProvisioningStyle = Manual;
					};
					6003F5AD195388D20070C39A = {
						TestTargetID = 6003F589195388D20070C39A;
					};
				};
			};
			buildConfigurationList = 6003F585195388D10070C39A /* Build configuration list for PBXProject "YSHKit" */;
			compatibilityVersion = "Xcode 3.2";
			developmentRegion = English;
			hasScannedForEncodings = 0;
			knownRegions = (
				English,
				en,
				Base,
			);
			mainGroup = 6003F581195388D10070C39A;
			productRefGroup = 6003F58B195388D20070C39A /* Products */;
			projectDirPath = "";
			projectRoot = "";
			targets = (
				6003F589195388D20070C39A /* YSHKit_Example */,
				6003F5AD195388D20070C39A /* YSHKit_Tests */,
			);
		};
/* End PBXProject section */

/* Begin PBXResourcesBuildPhase section */
		6003F588195388D20070C39A /* Resources */ = {
			isa = PBXResourcesBuildPhase;
			buildActionMask = 2147483647;
			files = (
				873B8AEB1B1F5CCA007FD442 /* Main.storyboard in Resources */,
				7059616122448EB300756529 /* code_vietnam.plist in Resources */,
				71719F9F1E33DC2100824A3D /* LaunchScreen.storyboard in Resources */,
				6003F5A9195388D20070C39A /* Images.xcassets in Resources */,
				70903125220177AA003E5801 /* YSHHudCustomView.xib in Resources */,
				7059616522448EC000756529 /* code_en.plist in Resources */,
				6003F598195388D20070C39A /* InfoPlist.strings in Resources */,
				7059616322448EBA00756529 /* code_china.plist in Resources */,
			);
			runOnlyForDeploymentPostprocessing = 0;
		};
		6003F5AC195388D20070C39A /* Resources */ = {
			isa = PBXResourcesBuildPhase;
			buildActionMask = 2147483647;
			files = (
				6003F5BA195388D20070C39A /* InfoPlist.strings in Resources */,
			);
			runOnlyForDeploymentPostprocessing = 0;
		};
/* End PBXResourcesBuildPhase section */

/* Begin PBXShellScriptBuildPhase section */
		40786D43EB69B3FD2E1E4C8C /* [CP] Check Pods Manifest.lock */ = {
			isa = PBXShellScriptBuildPhase;
			buildActionMask = 2147483647;
			files = (
			);
			inputFileListPaths = (
			);
			inputPaths = (
				"${PODS_PODFILE_DIR_PATH}/Podfile.lock",
				"${PODS_ROOT}/Manifest.lock",
			);
			name = "[CP] Check Pods Manifest.lock";
			outputFileListPaths = (
			);
			outputPaths = (
				"$(DERIVED_FILE_DIR)/Pods-YSHKit_Tests-checkManifestLockResult.txt",
			);
			runOnlyForDeploymentPostprocessing = 0;
			shellPath = /bin/sh;
			shellScript = "diff \"${PODS_PODFILE_DIR_PATH}/Podfile.lock\" \"${PODS_ROOT}/Manifest.lock\" > /dev/null\nif [ $? != 0 ] ; then\n    # print error to STDERR\n    echo \"error: The sandbox is not in sync with the Podfile.lock. Run 'pod install' or update your CocoaPods installation.\" >&2\n    exit 1\nfi\n# This output is used by Xcode 'outputs' to avoid re-running this script phase.\necho \"SUCCESS\" > \"${SCRIPT_OUTPUT_FILE_0}\"\n";
			showEnvVarsInLog = 0;
		};
		A2CE2B311219EB66604D1C77 /* [CP] Check Pods Manifest.lock */ = {
			isa = PBXShellScriptBuildPhase;
			buildActionMask = 2147483647;
			files = (
			);
			inputFileListPaths = (
			);
			inputPaths = (
				"${PODS_PODFILE_DIR_PATH}/Podfile.lock",
				"${PODS_ROOT}/Manifest.lock",
			);
			name = "[CP] Check Pods Manifest.lock";
			outputFileListPaths = (
			);
			outputPaths = (
				"$(DERIVED_FILE_DIR)/Pods-YSHKit_Example-checkManifestLockResult.txt",
			);
			runOnlyForDeploymentPostprocessing = 0;
			shellPath = /bin/sh;
			shellScript = "diff \"${PODS_PODFILE_DIR_PATH}/Podfile.lock\" \"${PODS_ROOT}/Manifest.lock\" > /dev/null\nif [ $? != 0 ] ; then\n    # print error to STDERR\n    echo \"error: The sandbox is not in sync with the Podfile.lock. Run 'pod install' or update your CocoaPods installation.\" >&2\n    exit 1\nfi\n# This output is used by Xcode 'outputs' to avoid re-running this script phase.\necho \"SUCCESS\" > \"${SCRIPT_OUTPUT_FILE_0}\"\n";
			showEnvVarsInLog = 0;
		};
		CF0B9629A7573A101B9D4E02 /* [CP] Embed Pods Frameworks */ = {
			isa = PBXShellScriptBuildPhase;
			buildActionMask = 2147483647;
			files = (
			);
			inputFileListPaths = (
			);
			inputPaths = (
				"${PODS_ROOT}/Target Support Files/Pods-YSHKit_Example/Pods-YSHKit_Example-frameworks.sh",
				"${BUILT_PRODUCTS_DIR}/Masonry/Masonry.framework",
				"${BUILT_PRODUCTS_DIR}/SDWebImage/SDWebImage.framework",
				"${BUILT_PRODUCTS_DIR}/TTTAttributedLabel/TTTAttributedLabel.framework",
				"${BUILT_PRODUCTS_DIR}/YSHKit/YSHKit.framework",
				"${BUILT_PRODUCTS_DIR}/YSHVersionHelper/YSHVersionHelper.framework",
				"${BUILT_PRODUCTS_DIR}/YYKit/YYKit.framework",
				"${BUILT_PRODUCTS_DIR}/pop/pop.framework",
			);
			name = "[CP] Embed Pods Frameworks";
			outputFileListPaths = (
			);
			outputPaths = (
				"${TARGET_BUILD_DIR}/${FRAMEWORKS_FOLDER_PATH}/Masonry.framework",
				"${TARGET_BUILD_DIR}/${FRAMEWORKS_FOLDER_PATH}/SDWebImage.framework",
				"${TARGET_BUILD_DIR}/${FRAMEWORKS_FOLDER_PATH}/TTTAttributedLabel.framework",
				"${TARGET_BUILD_DIR}/${FRAMEWORKS_FOLDER_PATH}/YSHKit.framework",
				"${TARGET_BUILD_DIR}/${FRAMEWORKS_FOLDER_PATH}/YSHVersionHelper.framework",
				"${TARGET_BUILD_DIR}/${FRAMEWORKS_FOLDER_PATH}/YYKit.framework",
				"${TARGET_BUILD_DIR}/${FRAMEWORKS_FOLDER_PATH}/pop.framework",
			);
			runOnlyForDeploymentPostprocessing = 0;
			shellPath = /bin/sh;
			shellScript = "\"${PODS_ROOT}/Target Support Files/Pods-YSHKit_Example/Pods-YSHKit_Example-frameworks.sh\"\n";
			showEnvVarsInLog = 0;
		};
/* End PBXShellScriptBuildPhase section */

/* Begin PBXSourcesBuildPhase section */
		6003F586195388D20070C39A /* Sources */ = {
			isa = PBXSourcesBuildPhase;
			buildActionMask = 2147483647;
			files = (
				6003F59E195388D20070C39A /* YSHAppDelegate.m in Sources */,
				6003F5A7195388D20070C39A /* YSHViewController.m in Sources */,
				70796B4B21C8DF8B0086190B /* YSHTableViewCell.m in Sources */,
				70986C4321D1D768006F4513 /* YSHCodeCountryViewController.m in Sources */,
				700B29AE21C773BF00A9947F /* YDTextField.m in Sources */,
				709031282201787F003E5801 /* NSString+YSHAnimation.m in Sources */,
				709031232201779F003E5801 /* YSHHudCustomView.m in Sources */,
				704BC2FD2249ED9400B38C89 /* UIView+YSHTool.m in Sources */,
				700B29A521C7497C00A9947F /* YSHTextFieldVC.m in Sources */,
				6003F59A195388D20070C39A /* main.m in Sources */,
				7090312B220178A3003E5801 /* UIBezierPath+YSHTextPath.m in Sources */,
				707C5AEA21C22AA7008C0DE9 /* YSHHUDVC.m in Sources */,
				70796B4321C891C00086190B /* DYPhotoContainerView.m in Sources */,
				709ABF8921C79F330078B4D7 /* SDPhotoBrowserVC.m in Sources */,
			);
			runOnlyForDeploymentPostprocessing = 0;
		};
		6003F5AA195388D20070C39A /* Sources */ = {
			isa = PBXSourcesBuildPhase;
			buildActionMask = 2147483647;
			files = (
				6003F5BC195388D20070C39A /* Tests.m in Sources */,
			);
			runOnlyForDeploymentPostprocessing = 0;
		};
/* End PBXSourcesBuildPhase section */

/* Begin PBXTargetDependency section */
		6003F5B4195388D20070C39A /* PBXTargetDependency */ = {
			isa = PBXTargetDependency;
			target = 6003F589195388D20070C39A /* YSHKit_Example */;
			targetProxy = 6003F5B3195388D20070C39A /* PBXContainerItemProxy */;
		};
/* End PBXTargetDependency section */

/* Begin PBXVariantGroup section */
		6003F596195388D20070C39A /* InfoPlist.strings */ = {
			isa = PBXVariantGroup;
			children = (
				6003F597195388D20070C39A /* en */,
			);
			name = InfoPlist.strings;
			sourceTree = "<group>";
		};
		6003F5B8195388D20070C39A /* InfoPlist.strings */ = {
			isa = PBXVariantGroup;
			children = (
				6003F5B9195388D20070C39A /* en */,
			);
			name = InfoPlist.strings;
			sourceTree = "<group>";
		};
		71719F9D1E33DC2100824A3D /* LaunchScreen.storyboard */ = {
			isa = PBXVariantGroup;
			children = (
				71719F9E1E33DC2100824A3D /* Base */,
			);
			name = LaunchScreen.storyboard;
			sourceTree = "<group>";
		};
/* End PBXVariantGroup section */

/* Begin XCBuildConfiguration section */
		6003F5BD195388D20070C39A /* Debug */ = {
			isa = XCBuildConfiguration;
			buildSettings = {
				ALWAYS_SEARCH_USER_PATHS = NO;
				CLANG_CXX_LANGUAGE_STANDARD = "gnu++0x";
				CLANG_CXX_LIBRARY = "libc++";
				CLANG_ENABLE_MODULES = YES;
				CLANG_ENABLE_OBJC_ARC = YES;
				CLANG_WARN_BOOL_CONVERSION = YES;
				CLANG_WARN_CONSTANT_CONVERSION = YES;
				CLANG_WARN_DIRECT_OBJC_ISA_USAGE = YES_ERROR;
				CLANG_WARN_EMPTY_BODY = YES;
				CLANG_WARN_ENUM_CONVERSION = YES;
				CLANG_WARN_INT_CONVERSION = YES;
				CLANG_WARN_OBJC_ROOT_CLASS = YES_ERROR;
				CLANG_WARN__DUPLICATE_METHOD_MATCH = YES;
				"CODE_SIGN_IDENTITY[sdk=iphoneos*]" = "iPhone Developer";
				COPY_PHASE_STRIP = NO;
				ENABLE_TESTABILITY = YES;
				GCC_C_LANGUAGE_STANDARD = gnu99;
				GCC_DYNAMIC_NO_PIC = NO;
				GCC_OPTIMIZATION_LEVEL = 0;
				GCC_PREPROCESSOR_DEFINITIONS = (
					"DEBUG=1",
					"$(inherited)",
				);
				GCC_SYMBOLS_PRIVATE_EXTERN = NO;
				GCC_WARN_64_TO_32_BIT_CONVERSION = YES;
				GCC_WARN_ABOUT_RETURN_TYPE = YES_ERROR;
				GCC_WARN_UNDECLARED_SELECTOR = YES;
				GCC_WARN_UNINITIALIZED_AUTOS = YES_AGGRESSIVE;
				GCC_WARN_UNUSED_FUNCTION = YES;
				GCC_WARN_UNUSED_VARIABLE = YES;
				IPHONEOS_DEPLOYMENT_TARGET = 9.3;
				ONLY_ACTIVE_ARCH = YES;
				SDKROOT = iphoneos;
				TARGETED_DEVICE_FAMILY = "1,2";
			};
			name = Debug;
		};
		6003F5BE195388D20070C39A /* Release */ = {
			isa = XCBuildConfiguration;
			buildSettings = {
				ALWAYS_SEARCH_USER_PATHS = NO;
				CLANG_CXX_LANGUAGE_STANDARD = "gnu++0x";
				CLANG_CXX_LIBRARY = "libc++";
				CLANG_ENABLE_MODULES = YES;
				CLANG_ENABLE_OBJC_ARC = YES;
				CLANG_WARN_BOOL_CONVERSION = YES;
				CLANG_WARN_CONSTANT_CONVERSION = YES;
				CLANG_WARN_DIRECT_OBJC_ISA_USAGE = YES_ERROR;
				CLANG_WARN_EMPTY_BODY = YES;
				CLANG_WARN_ENUM_CONVERSION = YES;
				CLANG_WARN_INT_CONVERSION = YES;
				CLANG_WARN_OBJC_ROOT_CLASS = YES_ERROR;
				CLANG_WARN__DUPLICATE_METHOD_MATCH = YES;
				"CODE_SIGN_IDENTITY[sdk=iphoneos*]" = "iPhone Developer";
				COPY_PHASE_STRIP = YES;
				ENABLE_NS_ASSERTIONS = NO;
				GCC_C_LANGUAGE_STANDARD = gnu99;
				GCC_WARN_64_TO_32_BIT_CONVERSION = YES;
				GCC_WARN_ABOUT_RETURN_TYPE = YES_ERROR;
				GCC_WARN_UNDECLARED_SELECTOR = YES;
				GCC_WARN_UNINITIALIZED_AUTOS = YES_AGGRESSIVE;
				GCC_WARN_UNUSED_FUNCTION = YES;
				GCC_WARN_UNUSED_VARIABLE = YES;
				IPHONEOS_DEPLOYMENT_TARGET = 9.3;
				SDKROOT = iphoneos;
				TARGETED_DEVICE_FAMILY = "1,2";
				VALIDATE_PRODUCT = YES;
			};
			name = Release;
		};
		6003F5C0195388D20070C39A /* Debug */ = {
			isa = XCBuildConfiguration;
			baseConfigurationReference = C73106ECE286716606CB9E1E /* Pods-YSHKit_Example.debug.xcconfig */;
			buildSettings = {
				ASSETCATALOG_COMPILER_APPICON_NAME = AppIcon;
				CODE_SIGN_STYLE = Manual;
				DEVELOPMENT_TEAM = UBJKHW2MMQ;
				GCC_PRECOMPILE_PREFIX_HEADER = YES;
				GCC_PREFIX_HEADER = "YSHKit/YSHKit-Prefix.pch";
				INFOPLIST_FILE = "YSHKit/YSHKit-Info.plist";
				IPHONEOS_DEPLOYMENT_TARGET = 9.0;
				MODULE_NAME = ExampleApp;
				PRODUCT_BUNDLE_IDENTIFIER = com.cqdunyue.hibaby.debug;
				PRODUCT_NAME = "$(TARGET_NAME)";
				PROVISIONING_PROFILE_SPECIFIER = "hibabyDebug开发";
				WRAPPER_EXTENSION = app;
			};
			name = Debug;
		};
		6003F5C1195388D20070C39A /* Release */ = {
			isa = XCBuildConfiguration;
			baseConfigurationReference = 790F4452C25834774E85E47B /* Pods-YSHKit_Example.release.xcconfig */;
			buildSettings = {
				ASSETCATALOG_COMPILER_APPICON_NAME = AppIcon;
				CODE_SIGN_STYLE = Manual;
				DEVELOPMENT_TEAM = UBJKHW2MMQ;
				GCC_PRECOMPILE_PREFIX_HEADER = YES;
				GCC_PREFIX_HEADER = "YSHKit/YSHKit-Prefix.pch";
				INFOPLIST_FILE = "YSHKit/YSHKit-Info.plist";
				IPHONEOS_DEPLOYMENT_TARGET = 9.0;
				MODULE_NAME = ExampleApp;
				PRODUCT_BUNDLE_IDENTIFIER = com.cqdunyue.hibaby.debug;
				PRODUCT_NAME = "$(TARGET_NAME)";
				PROVISIONING_PROFILE_SPECIFIER = "hibabyDebug开发";
				WRAPPER_EXTENSION = app;
			};
			name = Release;
		};
		6003F5C3195388D20070C39A /* Debug */ = {
			isa = XCBuildConfiguration;
			baseConfigurationReference = 59C3E2FC77DB34CAF4A95791 /* Pods-YSHKit_Tests.debug.xcconfig */;
			buildSettings = {
				BUNDLE_LOADER = "$(TEST_HOST)";
				FRAMEWORK_SEARCH_PATHS = (
					"$(SDKROOT)/Developer/Library/Frameworks",
					"$(inherited)",
					"$(DEVELOPER_FRAMEWORKS_DIR)",
				);
				GCC_PRECOMPILE_PREFIX_HEADER = YES;
				GCC_PREFIX_HEADER = "Tests/Tests-Prefix.pch";
				GCC_PREPROCESSOR_DEFINITIONS = (
					"DEBUG=1",
					"$(inherited)",
				);
				INFOPLIST_FILE = "Tests/Tests-Info.plist";
				PRODUCT_BUNDLE_IDENTIFIER = "org.cocoapods.demo.${PRODUCT_NAME:rfc1034identifier}";
				PRODUCT_NAME = "$(TARGET_NAME)";
				TEST_HOST = "$(BUILT_PRODUCTS_DIR)/YSHKit_Example.app/YSHKit_Example";
				WRAPPER_EXTENSION = xctest;
			};
			name = Debug;
		};
		6003F5C4195388D20070C39A /* Release */ = {
			isa = XCBuildConfiguration;
			baseConfigurationReference = 5EF3E5A3CEB03D8DF726EF08 /* Pods-YSHKit_Tests.release.xcconfig */;
			buildSettings = {
				BUNDLE_LOADER = "$(TEST_HOST)";
				FRAMEWORK_SEARCH_PATHS = (
					"$(SDKROOT)/Developer/Library/Frameworks",
					"$(inherited)",
					"$(DEVELOPER_FRAMEWORKS_DIR)",
				);
				GCC_PRECOMPILE_PREFIX_HEADER = YES;
				GCC_PREFIX_HEADER = "Tests/Tests-Prefix.pch";
				INFOPLIST_FILE = "Tests/Tests-Info.plist";
				PRODUCT_BUNDLE_IDENTIFIER = "org.cocoapods.demo.${PRODUCT_NAME:rfc1034identifier}";
				PRODUCT_NAME = "$(TARGET_NAME)";
				TEST_HOST = "$(BUILT_PRODUCTS_DIR)/YSHKit_Example.app/YSHKit_Example";
				WRAPPER_EXTENSION = xctest;
			};
			name = Release;
		};
/* End XCBuildConfiguration section */

/* Begin XCConfigurationList section */
		6003F585195388D10070C39A /* Build configuration list for PBXProject "YSHKit" */ = {
			isa = XCConfigurationList;
			buildConfigurations = (
				6003F5BD195388D20070C39A /* Debug */,
				6003F5BE195388D20070C39A /* Release */,
			);
			defaultConfigurationIsVisible = 0;
			defaultConfigurationName = Release;
		};
		6003F5BF195388D20070C39A /* Build configuration list for PBXNativeTarget "YSHKit_Example" */ = {
			isa = XCConfigurationList;
			buildConfigurations = (
				6003F5C0195388D20070C39A /* Debug */,
				6003F5C1195388D20070C39A /* Release */,
			);
			defaultConfigurationIsVisible = 0;
			defaultConfigurationName = Release;
		};
		6003F5C2195388D20070C39A /* Build configuration list for PBXNativeTarget "YSHKit_Tests" */ = {
			isa = XCConfigurationList;
			buildConfigurations = (
				6003F5C3195388D20070C39A /* Debug */,
				6003F5C4195388D20070C39A /* Release */,
			);
			defaultConfigurationIsVisible = 0;
			defaultConfigurationName = Release;
		};
/* End XCConfigurationList section */
	};
	rootObject = 6003F582195388D10070C39A /* Project object */;
}
